
Microsoft Visual Studio Solution File, Format Version 12.00
# Visual Studio 15
VisualStudioVersion = 15.0.27130.2036
MinimumVisualStudioVersion = 10.0.40219.1
Project("{FAE04EC0-301F-11D3-BF4B-00C04F79EFBC}") = "LearningUI", "LearningUI\LearningUI.csproj", "{681C0240-A47E-44B5-8328-56EFA9386C1F}"
EndProject
Global
	GlobalSection(SolutionConfigurationPlatforms) = preSolution
		Debug|Any CPU = Debug|Any CPU
		Release|Any CPU = Release|Any CPU
	EndGlobalSection
	GlobalSection(ProjectConfigurationPlatforms) = postSolution
		{681C0240-A47E-44B5-8328-56EFA9386C1F}.Debug|Any CPU.ActiveCfg = Debug|Any CPU
		{681C0240-A47E-44B5-8328-56EFA9386C1F}.Debug|Any CPU.Build.0 = Debug|Any CPU
		{681C0240-A47E-44B5-8328-56EFA9386C1F}.Debug|Any CPU.Deploy.0 = Debug|Any CPU
		{681C0240-A47E-44B5-8328-56EFA9386C1F}.Release|Any CPU.ActiveCfg = Release|Any CPU
		{681C0240-A47E-44B5-8328-56EFA9386C1F}.Release|Any CPU.Build.0 = Release|Any CPU
		{681C0240-A47E-44B5-8328-56EFA9386C1F}.Release|Any CPU.Deploy.0 = Release|Any CPU
	EndGlobalSection
	GlobalSection(SolutionProperties) = preSolution
		HideSolutionNode = FALSE
	EndGlobalSection
	GlobalSection(ExtensibilityGlobals) = postSolution
		SolutionGuid = {3414D3DB-519C-451A-9918-227DA8F34B25}
	EndGlobalSection
EndGlobal
